
Microsoft Visual Studio Solution File, Format Version 12.00
# Visual Studio 2013
VisualStudioVersion = 12.0.30723.0
MinimumVisualStudioVersion = 10.0.40219.1
Project("{FAE04EC0-301F-11D3-BF4B-00C04F79EFBC}") = "COMP123- Lesson05", "COMP123- Lesson05\COMP123- Lesson05.csproj", "{69C887E4-89CD-4BC1-A29A-41BA8CD77944}"
EndProject
Global
	GlobalSection(SolutionConfigurationPlatforms) = preSolution
		Debug|Any CPU = Debug|Any CPU
		Release|Any CPU = Release|Any CPU
	EndGlobalSection
	GlobalSection(ProjectConfigurationPlatforms) = postSolution
		{69C887E4-89CD-4BC1-A29A-41BA8CD77944}.Debug|Any CPU.ActiveCfg = Debug|Any CPU
		{69C887E4-89CD-4BC1-A29A-41BA8CD77944}.Debug|Any CPU.Build.0 = Debug|Any CPU
		{69C887E4-89CD-4BC1-A29A-41BA8CD77944}.Release|Any CPU.ActiveCfg = Release|Any CPU
		{69C887E4-89CD-4BC1-A29A-41BA8CD77944}.Release|Any CPU.Build.0 = Release|Any CPU
	EndGlobalSection
	GlobalSection(SolutionProperties) = preSolution
		HideSolutionNode = FALSE
	EndGlobalSection
EndGlobal
